PODS:
  - flutter_webrtc (0.11.3):
    - FlutterMacOS
    - WebRTC-SDK (= 125.6422.04)
  - FlutterMacOS (1.0.0)
  - WebRTC-SDK (125.6422.04)

DEPENDENCIES:
  - flutter_webrtc (from `Flutter/ephemeral/.symlinks/plugins/flutter_webrtc/macos`)
  - FlutterMacOS (from `Flutter/ephemeral`)

SPEC REPOS:
  trunk:
    - WebRTC-SDK

EXTERNAL SOURCES:
  flutter_webrtc:
    :path: Flutter/ephemeral/.symlinks/plugins/flutter_webrtc/macos
  FlutterMacOS:
    :path: Flutter/ephemeral

SPEC CHECKSUMS:
  flutter_webrtc: f68f019e758ba8ea97d3a2aa5d85b3b25bce4015
  FlutterMacOS: c232990155153907050900a2e175c7773903ba4e
  WebRTC-SDK: c3d69a87e7185fad3568f6f3cff7c9ac5890acf3

PODFILE CHECKSUM: 1e95c36afbfd1cb6423ceca4de7a8e1b256fb6ac

COCOAPODS: 1.17.0
